
Microsoft Visual Studio Solution File, Format Version 12.00
# Visual Studio Version 17
VisualStudioVersion = 17.10.35027.167
MinimumVisualStudioVersion = 10.0.40219.1
Project("{FAE04EC0-301F-11D3-BF4B-00C04F79EFBC}") = "WebApplicationPrueba", "WebApplicationPrueba.csproj", "{C7206D5F-62D7-4B1A-A30C-30BC710BA980}"
EndProject
Global
	GlobalSection(SolutionConfigurationPlatforms) = preSolution
		Debug|Any CPU = Debug|Any CPU
		Release|Any CPU = Release|Any CPU
	EndGlobalSection
	GlobalSection(ProjectConfigurationPlatforms) = postSolution
		{C7206D5F-62D7-4B1A-A30C-30BC710BA980}.Debug|Any CPU.ActiveCfg = Debug|Any CPU
		{C7206D5F-62D7-4B1A-A30C-30BC710BA980}.Debug|Any CPU.Build.0 = Debug|Any CPU
		{C7206D5F-62D7-4B1A-A30C-30BC710BA980}.Release|Any CPU.ActiveCfg = Release|Any CPU
		{C7206D5F-62D7-4B1A-A30C-30BC710BA980}.Release|Any CPU.Build.0 = Release|Any CPU
	EndGlobalSection
	GlobalSection(SolutionProperties) = preSolution
		HideSolutionNode = FALSE
	EndGlobalSection
	GlobalSection(ExtensibilityGlobals) = postSolution
		SolutionGuid = {8E8EC154-085C-459B-A1FB-97E8BADBB71D}
	EndGlobalSection
EndGlobal
